
Microsoft Visual Studio Solution File, Format Version 12.00
# Visual Studio Version 16
VisualStudioVersion = 16.0.30907.101
MinimumVisualStudioVersion = 10.0.40219.1
Project("{FAE04EC0-301F-11D3-BF4B-00C04F79EFBC}") = "Weather-Monitor", "Weather-Monitor\Weather-Monitor.csproj", "{34588A16-ABEE-40E6-BD01-A4373F95C550}"
EndProject
Global
	GlobalSection(SolutionConfigurationPlatforms) = preSolution
		Debug|Any CPU = Debug|Any CPU
		Release|Any CPU = Release|Any CPU
	EndGlobalSection
	GlobalSection(ProjectConfigurationPlatforms) = postSolution
		{34588A16-ABEE-40E6-BD01-A4373F95C550}.Debug|Any CPU.ActiveCfg = Debug|Any CPU
		{34588A16-ABEE-40E6-BD01-A4373F95C550}.Debug|Any CPU.Build.0 = Debug|Any CPU
		{34588A16-ABEE-40E6-BD01-A4373F95C550}.Release|Any CPU.ActiveCfg = Release|Any CPU
		{34588A16-ABEE-40E6-BD01-A4373F95C550}.Release|Any CPU.Build.0 = Release|Any CPU
	EndGlobalSection
	GlobalSection(SolutionProperties) = preSolution
		HideSolutionNode = FALSE
	EndGlobalSection
	GlobalSection(ExtensibilityGlobals) = postSolution
		SolutionGuid = {F2BCCC33-D30C-45AE-9561-91AF13644BE4}
	EndGlobalSection
EndGlobal
